// !$*UTF8*$!
{
	archiveVersion = 1;
	classes = {
	};
	objectVersion = 50;
	objects = {

/* Begin PBXBuildFile section */
		D02FB60A2119A7B0007A30D9 /* main.cpp in Sources */ = {isa = PBXBuildFile; fileRef = D02FB6092119A7B0007A30D9 /* main.cpp */; };
		D02FB6122119A801007A30D9 /* librpc.a in Frameworks */ = {isa = PBXBuildFile; fileRef = D02FB6112119A801007A30D9 /* librpc.a */; };
		D02FB6142119A80D007A30D9 /* libmsgpackc.a in Frameworks */ = {isa = PBXBuildFile; fileRef = D02FB6132119A80D007A30D9 /* libmsgpackc.a */; };
		D02FB651211AFF63007A30D9 /* redis_server.cpp in Sources */ = {isa = PBXBuildFile; fileRef = D02FB650211AFF63007A30D9 /* redis_server.cpp */; };
		D02FB653211B00FE007A30D9 /* libhiredis.a in Frameworks */ = {isa = PBXBuildFile; fileRef = D02FB652211B00FE007A30D9 /* libhiredis.a */; };
		D02FB659211B01E4007A30D9 /* libuv.a in Frameworks */ = {isa = PBXBuildFile; fileRef = D02FB658211B01E4007A30D9 /* libuv.a */; };
		D02FB65C211BE179007A30D9 /* login_server.cpp in Sources */ = {isa = PBXBuildFile; fileRef = D02FB65A211BE179007A30D9 /* login_server.cpp */; };
		D02FB65F211C1C33007A30D9 /* data.cpp in Sources */ = {isa = PBXBuildFile; fileRef = D02FB65D211C1C33007A30D9 /* data.cpp */; };
		D02FB662211C3938007A30D9 /* client_test.cpp in Sources */ = {isa = PBXBuildFile; fileRef = D02FB660211C3938007A30D9 /* client_test.cpp */; };
		D02FB665211C3944007A30D9 /* server_test.cpp in Sources */ = {isa = PBXBuildFile; fileRef = D02FB663211C3944007A30D9 /* server_test.cpp */; };
/* End PBXBuildFile section */

/* Begin PBXCopyFilesBuildPhase section */
		D02FB6042119A7B0007A30D9 /* CopyFiles */ = {
			isa = PBXCopyFilesBuildPhase;
			buildActionMask = 2147483647;
			dstPath = /usr/share/man/man1/;
			dstSubfolderSpec = 0;
			files = (
			);
			runOnlyForDeploymentPostprocessing = 1;
		};
/* End PBXCopyFilesBuildPhase section */

/* Begin PBXFileReference section */
		D02FB6062119A7B0007A30D9 /* rpclib_demo */ = {isa = PBXFileReference; explicitFileType = "compiled.mach-o.executable"; includeInIndex = 0; path = rpclib_demo; sourceTree = BUILT_PRODUCTS_DIR; };
		D02FB6092119A7B0007A30D9 /* main.cpp */ = {isa = PBXFileReference; lastKnownFileType = sourcecode.cpp.cpp; path = main.cpp; sourceTree = "<group>"; };
		D02FB6112119A801007A30D9 /* librpc.a */ = {isa = PBXFileReference; lastKnownFileType = archive.ar; name = librpc.a; path = ../../../../../usr/local/lib/librpc.a; sourceTree = "<group>"; };
		D02FB6132119A80D007A30D9 /* libmsgpackc.a */ = {isa = PBXFileReference; lastKnownFileType = archive.ar; name = libmsgpackc.a; path = ../../../../../usr/local/lib/libmsgpackc.a; sourceTree = "<group>"; };
		D02FB64F211AFF63007A30D9 /* redis_server.hpp */ = {isa = PBXFileReference; fileEncoding = 4; lastKnownFileType = sourcecode.cpp.h; path = redis_server.hpp; sourceTree = "<group>"; };
		D02FB650211AFF63007A30D9 /* redis_server.cpp */ = {isa = PBXFileReference; fileEncoding = 4; lastKnownFileType = sourcecode.cpp.cpp; path = redis_server.cpp; sourceTree = "<group>"; };
		D02FB652211B00FE007A30D9 /* libhiredis.a */ = {isa = PBXFileReference; lastKnownFileType = archive.ar; name = libhiredis.a; path = ../../../../../usr/local/lib/libhiredis.a; sourceTree = "<group>"; };
		D02FB654211B0103007A30D9 /* libevhtp.a */ = {isa = PBXFileReference; explicitFileType = archive.ar; path = libevhtp.a; sourceTree = BUILT_PRODUCTS_DIR; };
		D02FB656211B0106007A30D9 /* libuv.a */ = {isa = PBXFileReference; explicitFileType = archive.ar; path = libuv.a; sourceTree = BUILT_PRODUCTS_DIR; };
		D02FB658211B01E4007A30D9 /* libuv.a */ = {isa = PBXFileReference; lastKnownFileType = archive.ar; name = libuv.a; path = ../../../../../usr/local/lib/libuv.a; sourceTree = "<group>"; };
		D02FB65A211BE179007A30D9 /* login_server.cpp */ = {isa = PBXFileReference; lastKnownFileType = sourcecode.cpp.cpp; path = login_server.cpp; sourceTree = "<group>"; };
		D02FB65B211BE179007A30D9 /* login_server.hpp */ = {isa = PBXFileReference; lastKnownFileType = sourcecode.cpp.h; path = login_server.hpp; sourceTree = "<group>"; };
		D02FB65D211C1C33007A30D9 /* data.cpp */ = {isa = PBXFileReference; lastKnownFileType = sourcecode.cpp.cpp; path = data.cpp; sourceTree = "<group>"; };
		D02FB65E211C1C33007A30D9 /* data.hpp */ = {isa = PBXFileReference; lastKnownFileType = sourcecode.cpp.h; path = data.hpp; sourceTree = "<group>"; };
		D02FB660211C3938007A30D9 /* client_test.cpp */ = {isa = PBXFileReference; lastKnownFileType = sourcecode.cpp.cpp; path = client_test.cpp; sourceTree = "<group>"; };
		D02FB661211C3938007A30D9 /* client_test.hpp */ = {isa = PBXFileReference; lastKnownFileType = sourcecode.cpp.h; path = client_test.hpp; sourceTree = "<group>"; };
		D02FB663211C3944007A30D9 /* server_test.cpp */ = {isa = PBXFileReference; lastKnownFileType = sourcecode.cpp.cpp; path = server_test.cpp; sourceTree = "<group>"; };
		D02FB664211C3944007A30D9 /* server_test.hpp */ = {isa = PBXFileReference; lastKnownFileType = sourcecode.cpp.h; path = server_test.hpp; sourceTree = "<group>"; };
/* End PBXFileReference section */

/* Begin PBXFrameworksBuildPhase section */
		D02FB6032119A7B0007A30D9 /* Frameworks */ = {
			isa = PBXFrameworksBuildPhase;
			buildActionMask = 2147483647;
			files = (
				D02FB659211B01E4007A30D9 /* libuv.a in Frameworks */,
				D02FB6122119A801007A30D9 /* librpc.a in Frameworks */,
				D02FB6142119A80D007A30D9 /* libmsgpackc.a in Frameworks */,
				D02FB653211B00FE007A30D9 /* libhiredis.a in Frameworks */,
			);
			runOnlyForDeploymentPostprocessing = 0;
		};
/* End PBXFrameworksBuildPhase section */

/* Begin PBXGroup section */
		D02FB5FD2119A7B0007A30D9 = {
			isa = PBXGroup;
			children = (
				D02FB6082119A7B0007A30D9 /* rpclib_demo */,
				D02FB6072119A7B0007A30D9 /* Products */,
				D02FB6102119A801007A30D9 /* Frameworks */,
			);
			sourceTree = "<group>";
		};
		D02FB6072119A7B0007A30D9 /* Products */ = {
			isa = PBXGroup;
			children = (
				D02FB6062119A7B0007A30D9 /* rpclib_demo */,
			);
			name = Products;
			sourceTree = "<group>";
		};
		D02FB6082119A7B0007A30D9 /* rpclib_demo */ = {
			isa = PBXGroup;
			children = (
				D02FB650211AFF63007A30D9 /* redis_server.cpp */,
				D02FB64F211AFF63007A30D9 /* redis_server.hpp */,
				D02FB6092119A7B0007A30D9 /* main.cpp */,
				D02FB65A211BE179007A30D9 /* login_server.cpp */,
				D02FB65B211BE179007A30D9 /* login_server.hpp */,
				D02FB65D211C1C33007A30D9 /* data.cpp */,
				D02FB65E211C1C33007A30D9 /* data.hpp */,
				D02FB660211C3938007A30D9 /* client_test.cpp */,
				D02FB661211C3938007A30D9 /* client_test.hpp */,
				D02FB663211C3944007A30D9 /* server_test.cpp */,
				D02FB664211C3944007A30D9 /* server_test.hpp */,
			);
			path = rpclib_demo;
			sourceTree = "<group>";
		};
		D02FB6102119A801007A30D9 /* Frameworks */ = {
			isa = PBXGroup;
			children = (
				D02FB656211B0106007A30D9 /* libuv.a */,
				D02FB658211B01E4007A30D9 /* libuv.a */,
				D02FB654211B0103007A30D9 /* libevhtp.a */,
				D02FB652211B00FE007A30D9 /* libhiredis.a */,
				D02FB6132119A80D007A30D9 /* libmsgpackc.a */,
				D02FB6112119A801007A30D9 /* librpc.a */,
			);
			name = Frameworks;
			sourceTree = "<group>";
		};
/* End PBXGroup section */

/* Begin PBXNativeTarget section */
		D02FB6052119A7B0007A30D9 /* rpclib_demo */ = {
			isa = PBXNativeTarget;
			buildConfigurationList = D02FB60D2119A7B0007A30D9 /* Build configuration list for PBXNativeTarget "rpclib_demo" */;
			buildPhases = (
				D02FB6022119A7B0007A30D9 /* Sources */,
				D02FB6032119A7B0007A30D9 /* Frameworks */,
				D02FB6042119A7B0007A30D9 /* CopyFiles */,
			);
			buildRules = (
			);
			dependencies = (
			);
			name = rpclib_demo;
			productName = rpclib_demo;
			productReference = D02FB6062119A7B0007A30D9 /* rpclib_demo */;
			productType = "com.apple.product-type.tool";
		};
/* End PBXNativeTarget section */

/* Begin PBXProject section */
		D02FB5FE2119A7B0007A30D9 /* Project object */ = {
			isa = PBXProject;
			attributes = {
				LastUpgradeCheck = 0930;
				ORGANIZATIONNAME = "李伟";
				TargetAttributes = {
					D02FB6052119A7B0007A30D9 = {
						CreatedOnToolsVersion = 9.3;
					};
				};
			};
			buildConfigurationList = D02FB6012119A7B0007A30D9 /* Build configuration list for PBXProject "rpclib_demo" */;
			compatibilityVersion = "Xcode 9.3";
			developmentRegion = en;
			hasScannedForEncodings = 0;
			knownRegions = (
				en,
			);
			mainGroup = D02FB5FD2119A7B0007A30D9;
			productRefGroup = D02FB6072119A7B0007A30D9 /* Products */;
			projectDirPath = "";
			projectRoot = "";
			targets = (
				D02FB6052119A7B0007A30D9 /* rpclib_demo */,
			);
		};
/* End PBXProject section */

/* Begin PBXSourcesBuildPhase section */
		D02FB6022119A7B0007A30D9 /* Sources */ = {
			isa = PBXSourcesBuildPhase;
			buildActionMask = 2147483647;
			files = (
				D02FB665211C3944007A30D9 /* server_test.cpp in Sources */,
				D02FB65C211BE179007A30D9 /* login_server.cpp in Sources */,
				D02FB662211C3938007A30D9 /* client_test.cpp in Sources */,
				D02FB651211AFF63007A30D9 /* redis_server.cpp in Sources */,
				D02FB60A2119A7B0007A30D9 /* main.cpp in Sources */,
				D02FB65F211C1C33007A30D9 /* data.cpp in Sources */,
			);
			runOnlyForDeploymentPostprocessing = 0;
		};
/* End PBXSourcesBuildPhase section */

/* Begin XCBuildConfiguration section */
		D02FB60B2119A7B0007A30D9 /* Debug */ = {
			isa = XCBuildConfiguration;
			buildSettings = {
				ALWAYS_SEARCH_USER_PATHS = NO;
				CLANG_ANALYZER_NONNULL = YES;
				CLANG_ANALYZER_NUMBER_OBJECT_CONVERSION = YES_AGGRESSIVE;
				CLANG_CXX_LANGUAGE_STANDARD = "gnu++14";
				CLANG_CXX_LIBRARY = "libc++";
				CLANG_ENABLE_MODULES = YES;
				CLANG_ENABLE_OBJC_ARC = YES;
				CLANG_ENABLE_OBJC_WEAK = YES;
				CLANG_WARN_BLOCK_CAPTURE_AUTORELEASING = YES;
				CLANG_WARN_BOOL_CONVERSION = YES;
				CLANG_WARN_COMMA = YES;
				CLANG_WARN_CONSTANT_CONVERSION = YES;
				CLANG_WARN_DEPRECATED_OBJC_IMPLEMENTATIONS = YES;
				CLANG_WARN_DIRECT_OBJC_ISA_USAGE = YES_ERROR;
				CLANG_WARN_DOCUMENTATION_COMMENTS = YES;
				CLANG_WARN_EMPTY_BODY = YES;
				CLANG_WARN_ENUM_CONVERSION = YES;
				CLANG_WARN_INFINITE_RECURSION = YES;
				CLANG_WARN_INT_CONVERSION = YES;
				CLANG_WARN_NON_LITERAL_NULL_CONVERSION = YES;
				CLANG_WARN_OBJC_IMPLICIT_RETAIN_SELF = YES;
				CLANG_WARN_OBJC_LITERAL_CONVERSION = YES;
				CLANG_WARN_OBJC_ROOT_CLASS = YES_ERROR;
				CLANG_WARN_RANGE_LOOP_ANALYSIS = YES;
				CLANG_WARN_STRICT_PROTOTYPES = YES;
				CLANG_WARN_SUSPICIOUS_MOVE = YES;
				CLANG_WARN_UNGUARDED_AVAILABILITY = YES_AGGRESSIVE;
				CLANG_WARN_UNREACHABLE_CODE = YES;
				CLANG_WARN__DUPLICATE_METHOD_MATCH = YES;
				CODE_SIGN_IDENTITY = "Mac Developer";
				COPY_PHASE_STRIP = NO;
				DEBUG_INFORMATION_FORMAT = dwarf;
				ENABLE_STRICT_OBJC_MSGSEND = YES;
				ENABLE_TESTABILITY = YES;
				GCC_C_LANGUAGE_STANDARD = gnu11;
				GCC_DYNAMIC_NO_PIC = NO;
				GCC_NO_COMMON_BLOCKS = YES;
				GCC_OPTIMIZATION_LEVEL = 0;
				GCC_PREPROCESSOR_DEFINITIONS = (
					"DEBUG=1",
					"$(inherited)",
				);
				GCC_WARN_64_TO_32_BIT_CONVERSION = YES;
				GCC_WARN_ABOUT_RETURN_TYPE = YES_ERROR;
				GCC_WARN_UNDECLARED_SELECTOR = YES;
				GCC_WARN_UNINITIALIZED_AUTOS = YES_AGGRESSIVE;
				GCC_WARN_UNUSED_FUNCTION = YES;
				GCC_WARN_UNUSED_VARIABLE = YES;
				MACOSX_DEPLOYMENT_TARGET = 10.13;
				MTL_ENABLE_DEBUG_INFO = YES;
				ONLY_ACTIVE_ARCH = YES;
				SDKROOT = macosx;
			};
			name = Debug;
		};
		D02FB60C2119A7B0007A30D9 /* Release */ = {
			isa = XCBuildConfiguration;
			buildSettings = {
				ALWAYS_SEARCH_USER_PATHS = NO;
				CLANG_ANALYZER_NONNULL = YES;
				CLANG_ANALYZER_NUMBER_OBJECT_CONVERSION = YES_AGGRESSIVE;
				CLANG_CXX_LANGUAGE_STANDARD = "gnu++14";
				CLANG_CXX_LIBRARY = "libc++";
				CLANG_ENABLE_MODULES = YES;
				CLANG_ENABLE_OBJC_ARC = YES;
				CLANG_ENABLE_OBJC_WEAK = YES;
				CLANG_WARN_BLOCK_CAPTURE_AUTORELEASING = YES;
				CLANG_WARN_BOOL_CONVERSION = YES;
				CLANG_WARN_COMMA = YES;
				CLANG_WARN_CONSTANT_CONVERSION = YES;
				CLANG_WARN_DEPRECATED_OBJC_IMPLEMENTATIONS = YES;
				CLANG_WARN_DIRECT_OBJC_ISA_USAGE = YES_ERROR;
				CLANG_WARN_DOCUMENTATION_COMMENTS = YES;
				CLANG_WARN_EMPTY_BODY = YES;
				CLANG_WARN_ENUM_CONVERSION = YES;
				CLANG_WARN_INFINITE_RECURSION = YES;
				CLANG_WARN_INT_CONVERSION = YES;
				CLANG_WARN_NON_LITERAL_NULL_CONVERSION = YES;
				CLANG_WARN_OBJC_IMPLICIT_RETAIN_SELF = YES;
				CLANG_WARN_OBJC_LITERAL_CONVERSION = YES;
				CLANG_WARN_OBJC_ROOT_CLASS = YES_ERROR;
				CLANG_WARN_RANGE_LOOP_ANALYSIS = YES;
				CLANG_WARN_STRICT_PROTOTYPES = YES;
				CLANG_WARN_SUSPICIOUS_MOVE = YES;
				CLANG_WARN_UNGUARDED_AVAILABILITY = YES_AGGRESSIVE;
				CLANG_WARN_UNREACHABLE_CODE = YES;
				CLANG_WARN__DUPLICATE_METHOD_MATCH = YES;
				CODE_SIGN_IDENTITY = "Mac Developer";
				COPY_PHASE_STRIP = NO;
				DEBUG_INFORMATION_FORMAT = "dwarf-with-dsym";
				ENABLE_NS_ASSERTIONS = NO;
				ENABLE_STRICT_OBJC_MSGSEND = YES;
				GCC_C_LANGUAGE_STANDARD = gnu11;
				GCC_NO_COMMON_BLOCKS = YES;
				GCC_WARN_64_TO_32_BIT_CONVERSION = YES;
				GCC_WARN_ABOUT_RETURN_TYPE = YES_ERROR;
				GCC_WARN_UNDECLARED_SELECTOR = YES;
				GCC_WARN_UNINITIALIZED_AUTOS = YES_AGGRESSIVE;
				GCC_WARN_UNUSED_FUNCTION = YES;
				GCC_WARN_UNUSED_VARIABLE = YES;
				MACOSX_DEPLOYMENT_TARGET = 10.13;
				MTL_ENABLE_DEBUG_INFO = NO;
				SDKROOT = macosx;
			};
			name = Release;
		};
		D02FB60E2119A7B0007A30D9 /* Debug */ = {
			isa = XCBuildConfiguration;
			buildSettings = {
				CODE_SIGN_STYLE = Automatic;
				CONFIGURATION_BUILD_DIR = ../build/debug;
				DEVELOPMENT_TEAM = 9HZXUTMSZT;
				HEADER_SEARCH_PATHS = /usr/local/include;
				LIBRARY_SEARCH_PATHS = /usr/local/lib;
				PRODUCT_NAME = "$(TARGET_NAME)";
			};
			name = Debug;
		};
		D02FB60F2119A7B0007A30D9 /* Release */ = {
			isa = XCBuildConfiguration;
			buildSettings = {
				CODE_SIGN_STYLE = Automatic;
				CONFIGURATION_BUILD_DIR = ../build/release;
				DEVELOPMENT_TEAM = 9HZXUTMSZT;
				HEADER_SEARCH_PATHS = /usr/local/include;
				LIBRARY_SEARCH_PATHS = /usr/local/lib;
				PRODUCT_NAME = "$(TARGET_NAME)";
			};
			name = Release;
		};
/* End XCBuildConfiguration section */

/* Begin XCConfigurationList section */
		D02FB6012119A7B0007A30D9 /* Build configuration list for PBXProject "rpclib_demo" */ = {
			isa = XCConfigurationList;
			buildConfigurations = (
				D02FB60B2119A7B0007A30D9 /* Debug */,
				D02FB60C2119A7B0007A30D9 /* Release */,
			);
			defaultConfigurationIsVisible = 0;
			defaultConfigurationName = Release;
		};
		D02FB60D2119A7B0007A30D9 /* Build configuration list for PBXNativeTarget "rpclib_demo" */ = {
			isa = XCConfigurationList;
			buildConfigurations = (
				D02FB60E2119A7B0007A30D9 /* Debug */,
				D02FB60F2119A7B0007A30D9 /* Release */,
			);
			defaultConfigurationIsVisible = 0;
			defaultConfigurationName = Release;
		};
/* End XCConfigurationList section */
	};
	rootObject = D02FB5FE2119A7B0007A30D9 /* Project object */;
}
