// !$*UTF8*$!
{
	archiveVersion = 1;
	classes = {
	};
	objectVersion = 50;
	objects = {

/* Begin PBXBuildFile section */
		D01D35E3212176A500788028 /* main.cpp in Sources */ = {isa = PBXBuildFile; fileRef = D01D35E2212176A500788028 /* main.cpp */; };
		D01D35F6212176DF00788028 /* bunissfunc.cpp in Sources */ = {isa = PBXBuildFile; fileRef = D01D35EF212176DE00788028 /* bunissfunc.cpp */; };
		D01D35F7212176DF00788028 /* data.cpp in Sources */ = {isa = PBXBuildFile; fileRef = D01D35F1212176DF00788028 /* data.cpp */; };
		D01D35F8212176DF00788028 /* client.cpp in Sources */ = {isa = PBXBuildFile; fileRef = D01D35F2212176DF00788028 /* client.cpp */; };
		D01D35F9212176DF00788028 /* server.cpp in Sources */ = {isa = PBXBuildFile; fileRef = D01D35F5212176DF00788028 /* server.cpp */; };
		D01D35FC2121779A00788028 /* liblog4z.a in Frameworks */ = {isa = PBXBuildFile; fileRef = D01D35FB2121779A00788028 /* liblog4z.a */; };
		D01D35FE212177A100788028 /* libevhtp.a in Frameworks */ = {isa = PBXBuildFile; fileRef = D01D35FD212177A100788028 /* libevhtp.a */; };
		D01D360021217B7200788028 /* libevent.a in Frameworks */ = {isa = PBXBuildFile; fileRef = D01D35FF21217B7200788028 /* libevent.a */; };
/* End PBXBuildFile section */

/* Begin PBXCopyFilesBuildPhase section */
		D01D35DD212176A500788028 /* CopyFiles */ = {
			isa = PBXCopyFilesBuildPhase;
			buildActionMask = 2147483647;
			dstPath = /usr/share/man/man1/;
			dstSubfolderSpec = 0;
			files = (
			);
			runOnlyForDeploymentPostprocessing = 1;
		};
/* End PBXCopyFilesBuildPhase section */

/* Begin PBXFileReference section */
		D01D35DF212176A500788028 /* evhtp_demo */ = {isa = PBXFileReference; explicitFileType = "compiled.mach-o.executable"; includeInIndex = 0; path = evhtp_demo; sourceTree = BUILT_PRODUCTS_DIR; };
		D01D35E2212176A500788028 /* main.cpp */ = {isa = PBXFileReference; lastKnownFileType = sourcecode.cpp.cpp; path = main.cpp; sourceTree = "<group>"; };
		D01D35EF212176DE00788028 /* bunissfunc.cpp */ = {isa = PBXFileReference; fileEncoding = 4; lastKnownFileType = sourcecode.cpp.cpp; path = bunissfunc.cpp; sourceTree = "<group>"; };
		D01D35F0212176DF00788028 /* bunissfunc.h */ = {isa = PBXFileReference; fileEncoding = 4; lastKnownFileType = sourcecode.c.h; path = bunissfunc.h; sourceTree = "<group>"; };
		D01D35F1212176DF00788028 /* data.cpp */ = {isa = PBXFileReference; fileEncoding = 4; lastKnownFileType = sourcecode.cpp.cpp; path = data.cpp; sourceTree = "<group>"; };
		D01D35F2212176DF00788028 /* client.cpp */ = {isa = PBXFileReference; fileEncoding = 4; lastKnownFileType = sourcecode.cpp.cpp; path = client.cpp; sourceTree = "<group>"; };
		D01D35F3212176DF00788028 /* data.h */ = {isa = PBXFileReference; fileEncoding = 4; lastKnownFileType = sourcecode.c.h; path = data.h; sourceTree = "<group>"; };
		D01D35F4212176DF00788028 /* example.h */ = {isa = PBXFileReference; fileEncoding = 4; lastKnownFileType = sourcecode.c.h; path = example.h; sourceTree = "<group>"; };
		D01D35F5212176DF00788028 /* server.cpp */ = {isa = PBXFileReference; fileEncoding = 4; lastKnownFileType = sourcecode.cpp.cpp; path = server.cpp; sourceTree = "<group>"; };
		D01D35FB2121779A00788028 /* liblog4z.a */ = {isa = PBXFileReference; lastKnownFileType = archive.ar; name = liblog4z.a; path = ../../../../../usr/local/lib/liblog4z.a; sourceTree = "<group>"; };
		D01D35FD212177A100788028 /* libevhtp.a */ = {isa = PBXFileReference; lastKnownFileType = archive.ar; name = libevhtp.a; path = ../../../../../usr/local/lib/libevhtp.a; sourceTree = "<group>"; };
		D01D35FF21217B7200788028 /* libevent.a */ = {isa = PBXFileReference; lastKnownFileType = archive.ar; name = libevent.a; path = ../../../../../usr/local/lib/libevent.a; sourceTree = "<group>"; };
/* End PBXFileReference section */

/* Begin PBXFrameworksBuildPhase section */
		D01D35DC212176A500788028 /* Frameworks */ = {
			isa = PBXFrameworksBuildPhase;
			buildActionMask = 2147483647;
			files = (
				D01D35FC2121779A00788028 /* liblog4z.a in Frameworks */,
				D01D360021217B7200788028 /* libevent.a in Frameworks */,
				D01D35FE212177A100788028 /* libevhtp.a in Frameworks */,
			);
			runOnlyForDeploymentPostprocessing = 0;
		};
/* End PBXFrameworksBuildPhase section */

/* Begin PBXGroup section */
		D01D35D6212176A500788028 = {
			isa = PBXGroup;
			children = (
				D01D35E1212176A500788028 /* evhtp_demo */,
				D01D35E0212176A500788028 /* Products */,
				D01D35FA2121779A00788028 /* Frameworks */,
			);
			sourceTree = "<group>";
		};
		D01D35E0212176A500788028 /* Products */ = {
			isa = PBXGroup;
			children = (
				D01D35DF212176A500788028 /* evhtp_demo */,
			);
			name = Products;
			sourceTree = "<group>";
		};
		D01D35E1212176A500788028 /* evhtp_demo */ = {
			isa = PBXGroup;
			children = (
				D01D35EF212176DE00788028 /* bunissfunc.cpp */,
				D01D35F0212176DF00788028 /* bunissfunc.h */,
				D01D35F2212176DF00788028 /* client.cpp */,
				D01D35F1212176DF00788028 /* data.cpp */,
				D01D35F3212176DF00788028 /* data.h */,
				D01D35F4212176DF00788028 /* example.h */,
				D01D35F5212176DF00788028 /* server.cpp */,
				D01D35E2212176A500788028 /* main.cpp */,
			);
			path = evhtp_demo;
			sourceTree = "<group>";
		};
		D01D35FA2121779A00788028 /* Frameworks */ = {
			isa = PBXGroup;
			children = (
				D01D35FF21217B7200788028 /* libevent.a */,
				D01D35FD212177A100788028 /* libevhtp.a */,
				D01D35FB2121779A00788028 /* liblog4z.a */,
			);
			name = Frameworks;
			sourceTree = "<group>";
		};
/* End PBXGroup section */

/* Begin PBXNativeTarget section */
		D01D35DE212176A500788028 /* evhtp_demo */ = {
			isa = PBXNativeTarget;
			buildConfigurationList = D01D35E6212176A500788028 /* Build configuration list for PBXNativeTarget "evhtp_demo" */;
			buildPhases = (
				D01D35DB212176A500788028 /* Sources */,
				D01D35DC212176A500788028 /* Frameworks */,
				D01D35DD212176A500788028 /* CopyFiles */,
			);
			buildRules = (
			);
			dependencies = (
			);
			name = evhtp_demo;
			productName = evhtp_demo;
			productReference = D01D35DF212176A500788028 /* evhtp_demo */;
			productType = "com.apple.product-type.tool";
		};
/* End PBXNativeTarget section */

/* Begin PBXProject section */
		D01D35D7212176A500788028 /* Project object */ = {
			isa = PBXProject;
			attributes = {
				LastUpgradeCheck = 0930;
				ORGANIZATIONNAME = "李伟";
				TargetAttributes = {
					D01D35DE212176A500788028 = {
						CreatedOnToolsVersion = 9.3;
					};
				};
			};
			buildConfigurationList = D01D35DA212176A500788028 /* Build configuration list for PBXProject "evhtp_demo" */;
			compatibilityVersion = "Xcode 9.3";
			developmentRegion = en;
			hasScannedForEncodings = 0;
			knownRegions = (
				en,
			);
			mainGroup = D01D35D6212176A500788028;
			productRefGroup = D01D35E0212176A500788028 /* Products */;
			projectDirPath = "";
			projectRoot = "";
			targets = (
				D01D35DE212176A500788028 /* evhtp_demo */,
			);
		};
/* End PBXProject section */

/* Begin PBXSourcesBuildPhase section */
		D01D35DB212176A500788028 /* Sources */ = {
			isa = PBXSourcesBuildPhase;
			buildActionMask = 2147483647;
			files = (
				D01D35E3212176A500788028 /* main.cpp in Sources */,
				D01D35F6212176DF00788028 /* bunissfunc.cpp in Sources */,
				D01D35F8212176DF00788028 /* client.cpp in Sources */,
				D01D35F9212176DF00788028 /* server.cpp in Sources */,
				D01D35F7212176DF00788028 /* data.cpp in Sources */,
			);
			runOnlyForDeploymentPostprocessing = 0;
		};
/* End PBXSourcesBuildPhase section */

/* Begin XCBuildConfiguration section */
		D01D35E4212176A500788028 /* Debug */ = {
			isa = XCBuildConfiguration;
			buildSettings = {
				ALWAYS_SEARCH_USER_PATHS = NO;
				CLANG_ANALYZER_NONNULL = YES;
				CLANG_ANALYZER_NUMBER_OBJECT_CONVERSION = YES_AGGRESSIVE;
				CLANG_CXX_LANGUAGE_STANDARD = "gnu++14";
				CLANG_CXX_LIBRARY = "libc++";
				CLANG_ENABLE_MODULES = YES;
				CLANG_ENABLE_OBJC_ARC = YES;
				CLANG_ENABLE_OBJC_WEAK = YES;
				CLANG_WARN_BLOCK_CAPTURE_AUTORELEASING = YES;
				CLANG_WARN_BOOL_CONVERSION = YES;
				CLANG_WARN_COMMA = YES;
				CLANG_WARN_CONSTANT_CONVERSION = YES;
				CLANG_WARN_DEPRECATED_OBJC_IMPLEMENTATIONS = YES;
				CLANG_WARN_DIRECT_OBJC_ISA_USAGE = YES_ERROR;
				CLANG_WARN_DOCUMENTATION_COMMENTS = YES;
				CLANG_WARN_EMPTY_BODY = YES;
				CLANG_WARN_ENUM_CONVERSION = YES;
				CLANG_WARN_INFINITE_RECURSION = YES;
				CLANG_WARN_INT_CONVERSION = YES;
				CLANG_WARN_NON_LITERAL_NULL_CONVERSION = YES;
				CLANG_WARN_OBJC_IMPLICIT_RETAIN_SELF = YES;
				CLANG_WARN_OBJC_LITERAL_CONVERSION = YES;
				CLANG_WARN_OBJC_ROOT_CLASS = YES_ERROR;
				CLANG_WARN_RANGE_LOOP_ANALYSIS = YES;
				CLANG_WARN_STRICT_PROTOTYPES = YES;
				CLANG_WARN_SUSPICIOUS_MOVE = YES;
				CLANG_WARN_UNGUARDED_AVAILABILITY = YES_AGGRESSIVE;
				CLANG_WARN_UNREACHABLE_CODE = YES;
				CLANG_WARN__DUPLICATE_METHOD_MATCH = YES;
				CODE_SIGN_IDENTITY = "Mac Developer";
				COPY_PHASE_STRIP = NO;
				DEBUG_INFORMATION_FORMAT = dwarf;
				ENABLE_STRICT_OBJC_MSGSEND = YES;
				ENABLE_TESTABILITY = YES;
				GCC_C_LANGUAGE_STANDARD = gnu11;
				GCC_DYNAMIC_NO_PIC = NO;
				GCC_NO_COMMON_BLOCKS = YES;
				GCC_OPTIMIZATION_LEVEL = 0;
				GCC_PREPROCESSOR_DEFINITIONS = (
					"DEBUG=1",
					"$(inherited)",
				);
				GCC_WARN_64_TO_32_BIT_CONVERSION = YES;
				GCC_WARN_ABOUT_RETURN_TYPE = YES_ERROR;
				GCC_WARN_UNDECLARED_SELECTOR = YES;
				GCC_WARN_UNINITIALIZED_AUTOS = YES_AGGRESSIVE;
				GCC_WARN_UNUSED_FUNCTION = YES;
				GCC_WARN_UNUSED_VARIABLE = YES;
				MACOSX_DEPLOYMENT_TARGET = 10.13;
				MTL_ENABLE_DEBUG_INFO = YES;
				ONLY_ACTIVE_ARCH = YES;
				SDKROOT = macosx;
			};
			name = Debug;
		};
		D01D35E5212176A500788028 /* Release */ = {
			isa = XCBuildConfiguration;
			buildSettings = {
				ALWAYS_SEARCH_USER_PATHS = NO;
				CLANG_ANALYZER_NONNULL = YES;
				CLANG_ANALYZER_NUMBER_OBJECT_CONVERSION = YES_AGGRESSIVE;
				CLANG_CXX_LANGUAGE_STANDARD = "gnu++14";
				CLANG_CXX_LIBRARY = "libc++";
				CLANG_ENABLE_MODULES = YES;
				CLANG_ENABLE_OBJC_ARC = YES;
				CLANG_ENABLE_OBJC_WEAK = YES;
				CLANG_WARN_BLOCK_CAPTURE_AUTORELEASING = YES;
				CLANG_WARN_BOOL_CONVERSION = YES;
				CLANG_WARN_COMMA = YES;
				CLANG_WARN_CONSTANT_CONVERSION = YES;
				CLANG_WARN_DEPRECATED_OBJC_IMPLEMENTATIONS = YES;
				CLANG_WARN_DIRECT_OBJC_ISA_USAGE = YES_ERROR;
				CLANG_WARN_DOCUMENTATION_COMMENTS = YES;
				CLANG_WARN_EMPTY_BODY = YES;
				CLANG_WARN_ENUM_CONVERSION = YES;
				CLANG_WARN_INFINITE_RECURSION = YES;
				CLANG_WARN_INT_CONVERSION = YES;
				CLANG_WARN_NON_LITERAL_NULL_CONVERSION = YES;
				CLANG_WARN_OBJC_IMPLICIT_RETAIN_SELF = YES;
				CLANG_WARN_OBJC_LITERAL_CONVERSION = YES;
				CLANG_WARN_OBJC_ROOT_CLASS = YES_ERROR;
				CLANG_WARN_RANGE_LOOP_ANALYSIS = YES;
				CLANG_WARN_STRICT_PROTOTYPES = YES;
				CLANG_WARN_SUSPICIOUS_MOVE = YES;
				CLANG_WARN_UNGUARDED_AVAILABILITY = YES_AGGRESSIVE;
				CLANG_WARN_UNREACHABLE_CODE = YES;
				CLANG_WARN__DUPLICATE_METHOD_MATCH = YES;
				CODE_SIGN_IDENTITY = "Mac Developer";
				COPY_PHASE_STRIP = NO;
				DEBUG_INFORMATION_FORMAT = "dwarf-with-dsym";
				ENABLE_NS_ASSERTIONS = NO;
				ENABLE_STRICT_OBJC_MSGSEND = YES;
				GCC_C_LANGUAGE_STANDARD = gnu11;
				GCC_NO_COMMON_BLOCKS = YES;
				GCC_WARN_64_TO_32_BIT_CONVERSION = YES;
				GCC_WARN_ABOUT_RETURN_TYPE = YES_ERROR;
				GCC_WARN_UNDECLARED_SELECTOR = YES;
				GCC_WARN_UNINITIALIZED_AUTOS = YES_AGGRESSIVE;
				GCC_WARN_UNUSED_FUNCTION = YES;
				GCC_WARN_UNUSED_VARIABLE = YES;
				MACOSX_DEPLOYMENT_TARGET = 10.13;
				MTL_ENABLE_DEBUG_INFO = NO;
				SDKROOT = macosx;
			};
			name = Release;
		};
		D01D35E7212176A500788028 /* Debug */ = {
			isa = XCBuildConfiguration;
			buildSettings = {
				CODE_SIGN_STYLE = Automatic;
				CONFIGURATION_BUILD_DIR = ../build/debug;
				DEVELOPMENT_TEAM = 9HZXUTMSZT;
				HEADER_SEARCH_PATHS = /usr/local/include;
				LIBRARY_SEARCH_PATHS = /usr/local/lib;
				PRODUCT_NAME = "$(TARGET_NAME)";
			};
			name = Debug;
		};
		D01D35E8212176A500788028 /* Release */ = {
			isa = XCBuildConfiguration;
			buildSettings = {
				CODE_SIGN_STYLE = Automatic;
				CONFIGURATION_BUILD_DIR = ../build/release;
				DEVELOPMENT_TEAM = 9HZXUTMSZT;
				HEADER_SEARCH_PATHS = /usr/local/include;
				LIBRARY_SEARCH_PATHS = /usr/local/lib;
				PRODUCT_NAME = "$(TARGET_NAME)";
			};
			name = Release;
		};
/* End XCBuildConfiguration section */

/* Begin XCConfigurationList section */
		D01D35DA212176A500788028 /* Build configuration list for PBXProject "evhtp_demo" */ = {
			isa = XCConfigurationList;
			buildConfigurations = (
				D01D35E4212176A500788028 /* Debug */,
				D01D35E5212176A500788028 /* Release */,
			);
			defaultConfigurationIsVisible = 0;
			defaultConfigurationName = Release;
		};
		D01D35E6212176A500788028 /* Build configuration list for PBXNativeTarget "evhtp_demo" */ = {
			isa = XCConfigurationList;
			buildConfigurations = (
				D01D35E7212176A500788028 /* Debug */,
				D01D35E8212176A500788028 /* Release */,
			);
			defaultConfigurationIsVisible = 0;
			defaultConfigurationName = Release;
		};
/* End XCConfigurationList section */
	};
	rootObject = D01D35D7212176A500788028 /* Project object */;
}
