// !$*UTF8*$!
{
	archiveVersion = 1;
	classes = {
	};
	objectVersion = 50;
	objects = {

/* Begin PBXBuildFile section */
		D01D36712122A9EF00788028 /* co_routine_specific.h in Headers */ = {isa = PBXBuildFile; fileRef = D01D36672122A9EE00788028 /* co_routine_specific.h */; };
		D01D36722122A9EF00788028 /* co_closure.h in Headers */ = {isa = PBXBuildFile; fileRef = D01D36682122A9EE00788028 /* co_closure.h */; };
		D01D36732122A9EF00788028 /* co_hook_sys_call.cpp in Sources */ = {isa = PBXBuildFile; fileRef = D01D36692122A9EE00788028 /* co_hook_sys_call.cpp */; };
		D01D36742122A9EF00788028 /* co_routine_inner.h in Headers */ = {isa = PBXBuildFile; fileRef = D01D366A2122A9EE00788028 /* co_routine_inner.h */; };
		D01D36752122A9EF00788028 /* co_routine.cpp in Sources */ = {isa = PBXBuildFile; fileRef = D01D366B2122A9EE00788028 /* co_routine.cpp */; };
		D01D36762122A9EF00788028 /* co_routine.h in Headers */ = {isa = PBXBuildFile; fileRef = D01D366C2122A9EE00788028 /* co_routine.h */; };
		D01D36772122A9EF00788028 /* co_epoll.h in Headers */ = {isa = PBXBuildFile; fileRef = D01D366D2122A9EE00788028 /* co_epoll.h */; };
		D01D36782122A9EF00788028 /* coctx.cpp in Sources */ = {isa = PBXBuildFile; fileRef = D01D366E2122A9EE00788028 /* coctx.cpp */; };
		D01D36792122A9EF00788028 /* co_epoll.cpp in Sources */ = {isa = PBXBuildFile; fileRef = D01D366F2122A9EE00788028 /* co_epoll.cpp */; };
		D01D367A2122A9EF00788028 /* coctx.h in Headers */ = {isa = PBXBuildFile; fileRef = D01D36702122A9EF00788028 /* coctx.h */; };
		D01D367F2122AB3C00788028 /* coctx_swap.S in Sources */ = {isa = PBXBuildFile; fileRef = D01D367E2122AB3C00788028 /* coctx_swap.S */; };
/* End PBXBuildFile section */

/* Begin PBXFileReference section */
		D01D36592122A9CC00788028 /* liblibco.a */ = {isa = PBXFileReference; explicitFileType = archive.ar; includeInIndex = 0; path = liblibco.a; sourceTree = BUILT_PRODUCTS_DIR; };
		D01D36672122A9EE00788028 /* co_routine_specific.h */ = {isa = PBXFileReference; fileEncoding = 4; lastKnownFileType = sourcecode.c.h; path = co_routine_specific.h; sourceTree = "<group>"; };
		D01D36682122A9EE00788028 /* co_closure.h */ = {isa = PBXFileReference; fileEncoding = 4; lastKnownFileType = sourcecode.c.h; path = co_closure.h; sourceTree = "<group>"; };
		D01D36692122A9EE00788028 /* co_hook_sys_call.cpp */ = {isa = PBXFileReference; fileEncoding = 4; lastKnownFileType = sourcecode.cpp.cpp; path = co_hook_sys_call.cpp; sourceTree = "<group>"; };
		D01D366A2122A9EE00788028 /* co_routine_inner.h */ = {isa = PBXFileReference; fileEncoding = 4; lastKnownFileType = sourcecode.c.h; path = co_routine_inner.h; sourceTree = "<group>"; };
		D01D366B2122A9EE00788028 /* co_routine.cpp */ = {isa = PBXFileReference; fileEncoding = 4; lastKnownFileType = sourcecode.cpp.cpp; path = co_routine.cpp; sourceTree = "<group>"; };
		D01D366C2122A9EE00788028 /* co_routine.h */ = {isa = PBXFileReference; fileEncoding = 4; lastKnownFileType = sourcecode.c.h; path = co_routine.h; sourceTree = "<group>"; };
		D01D366D2122A9EE00788028 /* co_epoll.h */ = {isa = PBXFileReference; fileEncoding = 4; lastKnownFileType = sourcecode.c.h; path = co_epoll.h; sourceTree = "<group>"; };
		D01D366E2122A9EE00788028 /* coctx.cpp */ = {isa = PBXFileReference; fileEncoding = 4; lastKnownFileType = sourcecode.cpp.cpp; path = coctx.cpp; sourceTree = "<group>"; };
		D01D366F2122A9EE00788028 /* co_epoll.cpp */ = {isa = PBXFileReference; fileEncoding = 4; lastKnownFileType = sourcecode.cpp.cpp; path = co_epoll.cpp; sourceTree = "<group>"; };
		D01D36702122A9EF00788028 /* coctx.h */ = {isa = PBXFileReference; fileEncoding = 4; lastKnownFileType = sourcecode.c.h; path = coctx.h; sourceTree = "<group>"; };
		D01D367E2122AB3C00788028 /* coctx_swap.S */ = {isa = PBXFileReference; fileEncoding = 4; lastKnownFileType = sourcecode.asm; path = coctx_swap.S; sourceTree = "<group>"; };
/* End PBXFileReference section */

/* Begin PBXFrameworksBuildPhase section */
		D01D36562122A9CC00788028 /* Frameworks */ = {
			isa = PBXFrameworksBuildPhase;
			buildActionMask = 2147483647;
			files = (
			);
			runOnlyForDeploymentPostprocessing = 0;
		};
/* End PBXFrameworksBuildPhase section */

/* Begin PBXGroup section */
		D01D36502122A9CC00788028 = {
			isa = PBXGroup;
			children = (
				D01D365B2122A9CC00788028 /* libco */,
				D01D365A2122A9CC00788028 /* Products */,
			);
			sourceTree = "<group>";
		};
		D01D365A2122A9CC00788028 /* Products */ = {
			isa = PBXGroup;
			children = (
				D01D36592122A9CC00788028 /* liblibco.a */,
			);
			name = Products;
			sourceTree = "<group>";
		};
		D01D365B2122A9CC00788028 /* libco */ = {
			isa = PBXGroup;
			children = (
				D01D367E2122AB3C00788028 /* coctx_swap.S */,
				D01D36682122A9EE00788028 /* co_closure.h */,
				D01D366F2122A9EE00788028 /* co_epoll.cpp */,
				D01D366D2122A9EE00788028 /* co_epoll.h */,
				D01D36692122A9EE00788028 /* co_hook_sys_call.cpp */,
				D01D366A2122A9EE00788028 /* co_routine_inner.h */,
				D01D36672122A9EE00788028 /* co_routine_specific.h */,
				D01D366B2122A9EE00788028 /* co_routine.cpp */,
				D01D366C2122A9EE00788028 /* co_routine.h */,
				D01D366E2122A9EE00788028 /* coctx.cpp */,
				D01D36702122A9EF00788028 /* coctx.h */,
			);
			path = libco;
			sourceTree = "<group>";
		};
/* End PBXGroup section */

/* Begin PBXHeadersBuildPhase section */
		D01D36572122A9CC00788028 /* Headers */ = {
			isa = PBXHeadersBuildPhase;
			buildActionMask = 2147483647;
			files = (
				D01D367A2122A9EF00788028 /* coctx.h in Headers */,
				D01D36772122A9EF00788028 /* co_epoll.h in Headers */,
				D01D36742122A9EF00788028 /* co_routine_inner.h in Headers */,
				D01D36762122A9EF00788028 /* co_routine.h in Headers */,
				D01D36722122A9EF00788028 /* co_closure.h in Headers */,
				D01D36712122A9EF00788028 /* co_routine_specific.h in Headers */,
			);
			runOnlyForDeploymentPostprocessing = 0;
		};
/* End PBXHeadersBuildPhase section */

/* Begin PBXNativeTarget section */
		D01D36582122A9CC00788028 /* libco */ = {
			isa = PBXNativeTarget;
			buildConfigurationList = D01D36642122A9CC00788028 /* Build configuration list for PBXNativeTarget "libco" */;
			buildPhases = (
				D01D36552122A9CC00788028 /* Sources */,
				D01D36562122A9CC00788028 /* Frameworks */,
				D01D36572122A9CC00788028 /* Headers */,
			);
			buildRules = (
			);
			dependencies = (
			);
			name = libco;
			productName = libco;
			productReference = D01D36592122A9CC00788028 /* liblibco.a */;
			productType = "com.apple.product-type.library.static";
		};
/* End PBXNativeTarget section */

/* Begin PBXProject section */
		D01D36512122A9CC00788028 /* Project object */ = {
			isa = PBXProject;
			attributes = {
				LastUpgradeCheck = 0930;
				ORGANIZATIONNAME = "李伟";
				TargetAttributes = {
					D01D36582122A9CC00788028 = {
						CreatedOnToolsVersion = 9.3;
					};
				};
			};
			buildConfigurationList = D01D36542122A9CC00788028 /* Build configuration list for PBXProject "libco" */;
			compatibilityVersion = "Xcode 9.3";
			developmentRegion = en;
			hasScannedForEncodings = 0;
			knownRegions = (
				en,
			);
			mainGroup = D01D36502122A9CC00788028;
			productRefGroup = D01D365A2122A9CC00788028 /* Products */;
			projectDirPath = "";
			projectRoot = "";
			targets = (
				D01D36582122A9CC00788028 /* libco */,
			);
		};
/* End PBXProject section */

/* Begin PBXSourcesBuildPhase section */
		D01D36552122A9CC00788028 /* Sources */ = {
			isa = PBXSourcesBuildPhase;
			buildActionMask = 2147483647;
			files = (
				D01D367F2122AB3C00788028 /* coctx_swap.S in Sources */,
				D01D36782122A9EF00788028 /* coctx.cpp in Sources */,
				D01D36752122A9EF00788028 /* co_routine.cpp in Sources */,
				D01D36792122A9EF00788028 /* co_epoll.cpp in Sources */,
				D01D36732122A9EF00788028 /* co_hook_sys_call.cpp in Sources */,
			);
			runOnlyForDeploymentPostprocessing = 0;
		};
/* End PBXSourcesBuildPhase section */

/* Begin XCBuildConfiguration section */
		D01D36622122A9CC00788028 /* Debug */ = {
			isa = XCBuildConfiguration;
			buildSettings = {
				ALWAYS_SEARCH_USER_PATHS = NO;
				CLANG_ANALYZER_NONNULL = YES;
				CLANG_ANALYZER_NUMBER_OBJECT_CONVERSION = YES_AGGRESSIVE;
				CLANG_CXX_LANGUAGE_STANDARD = "gnu++14";
				CLANG_CXX_LIBRARY = "libc++";
				CLANG_ENABLE_MODULES = YES;
				CLANG_ENABLE_OBJC_ARC = YES;
				CLANG_ENABLE_OBJC_WEAK = YES;
				CLANG_WARN_BLOCK_CAPTURE_AUTORELEASING = YES;
				CLANG_WARN_BOOL_CONVERSION = YES;
				CLANG_WARN_COMMA = YES;
				CLANG_WARN_CONSTANT_CONVERSION = YES;
				CLANG_WARN_DEPRECATED_OBJC_IMPLEMENTATIONS = YES;
				CLANG_WARN_DIRECT_OBJC_ISA_USAGE = YES_ERROR;
				CLANG_WARN_DOCUMENTATION_COMMENTS = YES;
				CLANG_WARN_EMPTY_BODY = YES;
				CLANG_WARN_ENUM_CONVERSION = YES;
				CLANG_WARN_INFINITE_RECURSION = YES;
				CLANG_WARN_INT_CONVERSION = YES;
				CLANG_WARN_NON_LITERAL_NULL_CONVERSION = YES;
				CLANG_WARN_OBJC_IMPLICIT_RETAIN_SELF = YES;
				CLANG_WARN_OBJC_LITERAL_CONVERSION = YES;
				CLANG_WARN_OBJC_ROOT_CLASS = YES_ERROR;
				CLANG_WARN_RANGE_LOOP_ANALYSIS = YES;
				CLANG_WARN_STRICT_PROTOTYPES = YES;
				CLANG_WARN_SUSPICIOUS_MOVE = YES;
				CLANG_WARN_UNGUARDED_AVAILABILITY = YES_AGGRESSIVE;
				CLANG_WARN_UNREACHABLE_CODE = YES;
				CLANG_WARN__DUPLICATE_METHOD_MATCH = YES;
				CODE_SIGN_IDENTITY = "Mac Developer";
				COPY_PHASE_STRIP = NO;
				DEBUG_INFORMATION_FORMAT = dwarf;
				ENABLE_STRICT_OBJC_MSGSEND = YES;
				ENABLE_TESTABILITY = YES;
				GCC_C_LANGUAGE_STANDARD = gnu11;
				GCC_DYNAMIC_NO_PIC = NO;
				GCC_NO_COMMON_BLOCKS = YES;
				GCC_OPTIMIZATION_LEVEL = 0;
				GCC_PREPROCESSOR_DEFINITIONS = (
					"DEBUG=1",
					"$(inherited)",
				);
				GCC_WARN_64_TO_32_BIT_CONVERSION = YES;
				GCC_WARN_ABOUT_RETURN_TYPE = YES_ERROR;
				GCC_WARN_UNDECLARED_SELECTOR = YES;
				GCC_WARN_UNINITIALIZED_AUTOS = YES_AGGRESSIVE;
				GCC_WARN_UNUSED_FUNCTION = YES;
				GCC_WARN_UNUSED_VARIABLE = YES;
				MACOSX_DEPLOYMENT_TARGET = 10.13;
				MTL_ENABLE_DEBUG_INFO = YES;
				ONLY_ACTIVE_ARCH = YES;
				SDKROOT = macosx;
			};
			name = Debug;
		};
		D01D36632122A9CC00788028 /* Release */ = {
			isa = XCBuildConfiguration;
			buildSettings = {
				ALWAYS_SEARCH_USER_PATHS = NO;
				CLANG_ANALYZER_NONNULL = YES;
				CLANG_ANALYZER_NUMBER_OBJECT_CONVERSION = YES_AGGRESSIVE;
				CLANG_CXX_LANGUAGE_STANDARD = "gnu++14";
				CLANG_CXX_LIBRARY = "libc++";
				CLANG_ENABLE_MODULES = YES;
				CLANG_ENABLE_OBJC_ARC = YES;
				CLANG_ENABLE_OBJC_WEAK = YES;
				CLANG_WARN_BLOCK_CAPTURE_AUTORELEASING = YES;
				CLANG_WARN_BOOL_CONVERSION = YES;
				CLANG_WARN_COMMA = YES;
				CLANG_WARN_CONSTANT_CONVERSION = YES;
				CLANG_WARN_DEPRECATED_OBJC_IMPLEMENTATIONS = YES;
				CLANG_WARN_DIRECT_OBJC_ISA_USAGE = YES_ERROR;
				CLANG_WARN_DOCUMENTATION_COMMENTS = YES;
				CLANG_WARN_EMPTY_BODY = YES;
				CLANG_WARN_ENUM_CONVERSION = YES;
				CLANG_WARN_INFINITE_RECURSION = YES;
				CLANG_WARN_INT_CONVERSION = YES;
				CLANG_WARN_NON_LITERAL_NULL_CONVERSION = YES;
				CLANG_WARN_OBJC_IMPLICIT_RETAIN_SELF = YES;
				CLANG_WARN_OBJC_LITERAL_CONVERSION = YES;
				CLANG_WARN_OBJC_ROOT_CLASS = YES_ERROR;
				CLANG_WARN_RANGE_LOOP_ANALYSIS = YES;
				CLANG_WARN_STRICT_PROTOTYPES = YES;
				CLANG_WARN_SUSPICIOUS_MOVE = YES;
				CLANG_WARN_UNGUARDED_AVAILABILITY = YES_AGGRESSIVE;
				CLANG_WARN_UNREACHABLE_CODE = YES;
				CLANG_WARN__DUPLICATE_METHOD_MATCH = YES;
				CODE_SIGN_IDENTITY = "Mac Developer";
				COPY_PHASE_STRIP = NO;
				DEBUG_INFORMATION_FORMAT = "dwarf-with-dsym";
				ENABLE_NS_ASSERTIONS = NO;
				ENABLE_STRICT_OBJC_MSGSEND = YES;
				GCC_C_LANGUAGE_STANDARD = gnu11;
				GCC_NO_COMMON_BLOCKS = YES;
				GCC_WARN_64_TO_32_BIT_CONVERSION = YES;
				GCC_WARN_ABOUT_RETURN_TYPE = YES_ERROR;
				GCC_WARN_UNDECLARED_SELECTOR = YES;
				GCC_WARN_UNINITIALIZED_AUTOS = YES_AGGRESSIVE;
				GCC_WARN_UNUSED_FUNCTION = YES;
				GCC_WARN_UNUSED_VARIABLE = YES;
				MACOSX_DEPLOYMENT_TARGET = 10.13;
				MTL_ENABLE_DEBUG_INFO = NO;
				SDKROOT = macosx;
			};
			name = Release;
		};
		D01D36652122A9CC00788028 /* Debug */ = {
			isa = XCBuildConfiguration;
			buildSettings = {
				CODE_SIGN_STYLE = Automatic;
				CONFIGURATION_BUILD_DIR = ../build/debug;
				DEVELOPMENT_TEAM = 9HZXUTMSZT;
				EXECUTABLE_PREFIX = lib;
				GCC_ENABLE_CPP_EXCEPTIONS = YES;
				GCC_ENABLE_CPP_RTTI = YES;
				PRODUCT_NAME = "$(TARGET_NAME)";
				SKIP_INSTALL = YES;
			};
			name = Debug;
		};
		D01D36662122A9CC00788028 /* Release */ = {
			isa = XCBuildConfiguration;
			buildSettings = {
				CODE_SIGN_STYLE = Automatic;
				CONFIGURATION_BUILD_DIR = ../build/release;
				DEVELOPMENT_TEAM = 9HZXUTMSZT;
				EXECUTABLE_PREFIX = lib;
				GCC_ENABLE_CPP_EXCEPTIONS = YES;
				GCC_ENABLE_CPP_RTTI = YES;
				PRODUCT_NAME = "$(TARGET_NAME)";
				SKIP_INSTALL = YES;
			};
			name = Release;
		};
/* End XCBuildConfiguration section */

/* Begin XCConfigurationList section */
		D01D36542122A9CC00788028 /* Build configuration list for PBXProject "libco" */ = {
			isa = XCConfigurationList;
			buildConfigurations = (
				D01D36622122A9CC00788028 /* Debug */,
				D01D36632122A9CC00788028 /* Release */,
			);
			defaultConfigurationIsVisible = 0;
			defaultConfigurationName = Release;
		};
		D01D36642122A9CC00788028 /* Build configuration list for PBXNativeTarget "libco" */ = {
			isa = XCConfigurationList;
			buildConfigurations = (
				D01D36652122A9CC00788028 /* Debug */,
				D01D36662122A9CC00788028 /* Release */,
			);
			defaultConfigurationIsVisible = 0;
			defaultConfigurationName = Release;
		};
/* End XCConfigurationList section */
	};
	rootObject = D01D36512122A9CC00788028 /* Project object */;
}
